
Microsoft Visual Studio Solution File, Format Version 12.00
# Visual Studio 2013
VisualStudioVersion = 12.0.40629.0
MinimumVisualStudioVersion = 10.0.40219.1
Project("{FAE04EC0-301F-11D3-BF4B-00C04F79EFBC}") = "Vcs.SSIS.AuditRow.2014", "Vcs.SSIS.AuditRow.2014\Vcs.SSIS.AuditRow.2014.csproj", "{CA4D9EAB-9B8D-4679-B53E-F8C2F04D2B64}"
EndProject
Project("{FAE04EC0-301F-11D3-BF4B-00C04F79EFBC}") = "Vcs.SSIS.ErrorDescription.2014", "Vcs.SSIS.ErrorDescription.2014\Vcs.SSIS.ErrorDescription.2014.csproj", "{930DFE24-1AA3-4352-A640-A075C989D4F0}"
EndProject
Project("{FAE04EC0-301F-11D3-BF4B-00C04F79EFBC}") = "Vcs.SSIS.Hash.2014", "Vcs.SSIS.Hash.2014\Vcs.SSIS.Hash.2014.csproj", "{30250099-7AFF-4D92-ADCE-4E32CA800727}"
EndProject
Project("{FAE04EC0-301F-11D3-BF4B-00C04F79EFBC}") = "Vcs.SSIS.HashDual.2014", "Vcs.SSIS.HashDual.2014\Vcs.SSIS.HashDual.2014.csproj", "{292C7C1A-1E7E-41B8-9950-01C2C2092777}"
EndProject
Project("{FAE04EC0-301F-11D3-BF4B-00C04F79EFBC}") = "Vcs.SSIS.RowCount.2014", "Vcs.SSIS.RowCount.2014\Vcs.SSIS.RowCount.2014.csproj", "{E26B0D58-CB53-4AB5-B8D9-847D1F8D5E5D}"
EndProject
Project("{FAE04EC0-301F-11D3-BF4B-00C04F79EFBC}") = "Vcs.SSIS.AllComponents.2014", "Vcs.SSIS.AllComponents.2014\Vcs.SSIS.AllComponents.2014.csproj", "{548528D7-30DC-40B5-AFA1-FA4F6911BC28}"
EndProject
Global
	GlobalSection(SolutionConfigurationPlatforms) = preSolution
		Debug|Any CPU = Debug|Any CPU
		Debug|Mixed Platforms = Debug|Mixed Platforms
		Debug|x86 = Debug|x86
		Release|Any CPU = Release|Any CPU
		Release|Mixed Platforms = Release|Mixed Platforms
		Release|x86 = Release|x86
	EndGlobalSection
	GlobalSection(ProjectConfigurationPlatforms) = postSolution
		{CA4D9EAB-9B8D-4679-B53E-F8C2F04D2B64}.Debug|Any CPU.ActiveCfg = Debug|Any CPU
		{CA4D9EAB-9B8D-4679-B53E-F8C2F04D2B64}.Debug|Any CPU.Build.0 = Debug|Any CPU
		{CA4D9EAB-9B8D-4679-B53E-F8C2F04D2B64}.Debug|Mixed Platforms.ActiveCfg = Debug|Any CPU
		{CA4D9EAB-9B8D-4679-B53E-F8C2F04D2B64}.Debug|Mixed Platforms.Build.0 = Debug|Any CPU
		{CA4D9EAB-9B8D-4679-B53E-F8C2F04D2B64}.Debug|x86.ActiveCfg = Debug|Any CPU
		{CA4D9EAB-9B8D-4679-B53E-F8C2F04D2B64}.Release|Any CPU.ActiveCfg = Release|Any CPU
		{CA4D9EAB-9B8D-4679-B53E-F8C2F04D2B64}.Release|Any CPU.Build.0 = Release|Any CPU
		{CA4D9EAB-9B8D-4679-B53E-F8C2F04D2B64}.Release|Mixed Platforms.ActiveCfg = Release|Any CPU
		{CA4D9EAB-9B8D-4679-B53E-F8C2F04D2B64}.Release|Mixed Platforms.Build.0 = Release|Any CPU
		{CA4D9EAB-9B8D-4679-B53E-F8C2F04D2B64}.Release|x86.ActiveCfg = Release|Any CPU
		{930DFE24-1AA3-4352-A640-A075C989D4F0}.Debug|Any CPU.ActiveCfg = Debug|Any CPU
		{930DFE24-1AA3-4352-A640-A075C989D4F0}.Debug|Any CPU.Build.0 = Debug|Any CPU
		{930DFE24-1AA3-4352-A640-A075C989D4F0}.Debug|Mixed Platforms.ActiveCfg = Debug|Any CPU
		{930DFE24-1AA3-4352-A640-A075C989D4F0}.Debug|Mixed Platforms.Build.0 = Debug|Any CPU
		{930DFE24-1AA3-4352-A640-A075C989D4F0}.Debug|x86.ActiveCfg = Debug|Any CPU
		{930DFE24-1AA3-4352-A640-A075C989D4F0}.Release|Any CPU.ActiveCfg = Release|Any CPU
		{930DFE24-1AA3-4352-A640-A075C989D4F0}.Release|Any CPU.Build.0 = Release|Any CPU
		{930DFE24-1AA3-4352-A640-A075C989D4F0}.Release|Mixed Platforms.ActiveCfg = Release|Any CPU
		{930DFE24-1AA3-4352-A640-A075C989D4F0}.Release|Mixed Platforms.Build.0 = Release|Any CPU
		{930DFE24-1AA3-4352-A640-A075C989D4F0}.Release|x86.ActiveCfg = Release|Any CPU
		{30250099-7AFF-4D92-ADCE-4E32CA800727}.Debug|Any CPU.ActiveCfg = Debug|Any CPU
		{30250099-7AFF-4D92-ADCE-4E32CA800727}.Debug|Any CPU.Build.0 = Debug|Any CPU
		{30250099-7AFF-4D92-ADCE-4E32CA800727}.Debug|Mixed Platforms.ActiveCfg = Debug|Any CPU
		{30250099-7AFF-4D92-ADCE-4E32CA800727}.Debug|Mixed Platforms.Build.0 = Debug|Any CPU
		{30250099-7AFF-4D92-ADCE-4E32CA800727}.Debug|x86.ActiveCfg = Debug|Any CPU
		{30250099-7AFF-4D92-ADCE-4E32CA800727}.Release|Any CPU.ActiveCfg = Release|Any CPU
		{30250099-7AFF-4D92-ADCE-4E32CA800727}.Release|Any CPU.Build.0 = Release|Any CPU
		{30250099-7AFF-4D92-ADCE-4E32CA800727}.Release|Mixed Platforms.ActiveCfg = Release|Any CPU
		{30250099-7AFF-4D92-ADCE-4E32CA800727}.Release|Mixed Platforms.Build.0 = Release|Any CPU
		{30250099-7AFF-4D92-ADCE-4E32CA800727}.Release|x86.ActiveCfg = Release|Any CPU
		{292C7C1A-1E7E-41B8-9950-01C2C2092777}.Debug|Any CPU.ActiveCfg = Debug|Any CPU
		{292C7C1A-1E7E-41B8-9950-01C2C2092777}.Debug|Any CPU.Build.0 = Debug|Any CPU
		{292C7C1A-1E7E-41B8-9950-01C2C2092777}.Debug|Mixed Platforms.ActiveCfg = Debug|Any CPU
		{292C7C1A-1E7E-41B8-9950-01C2C2092777}.Debug|Mixed Platforms.Build.0 = Debug|Any CPU
		{292C7C1A-1E7E-41B8-9950-01C2C2092777}.Debug|x86.ActiveCfg = Debug|Any CPU
		{292C7C1A-1E7E-41B8-9950-01C2C2092777}.Release|Any CPU.ActiveCfg = Release|Any CPU
		{292C7C1A-1E7E-41B8-9950-01C2C2092777}.Release|Any CPU.Build.0 = Release|Any CPU
		{292C7C1A-1E7E-41B8-9950-01C2C2092777}.Release|Mixed Platforms.ActiveCfg = Release|Any CPU
		{292C7C1A-1E7E-41B8-9950-01C2C2092777}.Release|Mixed Platforms.Build.0 = Release|Any CPU
		{292C7C1A-1E7E-41B8-9950-01C2C2092777}.Release|x86.ActiveCfg = Release|Any CPU
		{E26B0D58-CB53-4AB5-B8D9-847D1F8D5E5D}.Debug|Any CPU.ActiveCfg = Debug|Any CPU
		{E26B0D58-CB53-4AB5-B8D9-847D1F8D5E5D}.Debug|Any CPU.Build.0 = Debug|Any CPU
		{E26B0D58-CB53-4AB5-B8D9-847D1F8D5E5D}.Debug|Mixed Platforms.ActiveCfg = Debug|Any CPU
		{E26B0D58-CB53-4AB5-B8D9-847D1F8D5E5D}.Debug|Mixed Platforms.Build.0 = Debug|Any CPU
		{E26B0D58-CB53-4AB5-B8D9-847D1F8D5E5D}.Debug|x86.ActiveCfg = Debug|Any CPU
		{E26B0D58-CB53-4AB5-B8D9-847D1F8D5E5D}.Release|Any CPU.ActiveCfg = Release|Any CPU
		{E26B0D58-CB53-4AB5-B8D9-847D1F8D5E5D}.Release|Any CPU.Build.0 = Release|Any CPU
		{E26B0D58-CB53-4AB5-B8D9-847D1F8D5E5D}.Release|Mixed Platforms.ActiveCfg = Release|Any CPU
		{E26B0D58-CB53-4AB5-B8D9-847D1F8D5E5D}.Release|Mixed Platforms.Build.0 = Release|Any CPU
		{E26B0D58-CB53-4AB5-B8D9-847D1F8D5E5D}.Release|x86.ActiveCfg = Release|Any CPU
		{548528D7-30DC-40B5-AFA1-FA4F6911BC28}.Debug|Any CPU.ActiveCfg = Debug|Any CPU
		{548528D7-30DC-40B5-AFA1-FA4F6911BC28}.Debug|Any CPU.Build.0 = Debug|Any CPU
		{548528D7-30DC-40B5-AFA1-FA4F6911BC28}.Debug|Mixed Platforms.ActiveCfg = Debug|Any CPU
		{548528D7-30DC-40B5-AFA1-FA4F6911BC28}.Debug|Mixed Platforms.Build.0 = Debug|Any CPU
		{548528D7-30DC-40B5-AFA1-FA4F6911BC28}.Debug|x86.ActiveCfg = Debug|Any CPU
		{548528D7-30DC-40B5-AFA1-FA4F6911BC28}.Release|Any CPU.ActiveCfg = Release|Any CPU
		{548528D7-30DC-40B5-AFA1-FA4F6911BC28}.Release|Any CPU.Build.0 = Release|Any CPU
		{548528D7-30DC-40B5-AFA1-FA4F6911BC28}.Release|Mixed Platforms.ActiveCfg = Release|Any CPU
		{548528D7-30DC-40B5-AFA1-FA4F6911BC28}.Release|Mixed Platforms.Build.0 = Release|Any CPU
		{548528D7-30DC-40B5-AFA1-FA4F6911BC28}.Release|x86.ActiveCfg = Release|Any CPU
	EndGlobalSection
	GlobalSection(SolutionProperties) = preSolution
		HideSolutionNode = FALSE
	EndGlobalSection
EndGlobal
