
Microsoft Visual Studio Solution File, Format Version 12.00
# Visual Studio 2013
VisualStudioVersion = 12.0.31101.0
MinimumVisualStudioVersion = 10.0.40219.1
Project("{00D1A9C2-B5F0-4AF3-8072-F6C62B433612}") = "BimlCatalog", "BimlCatalog.sqlproj", "{A87B19B1-75B6-433E-9C8C-E9425C75429A}"
EndProject
Global
	GlobalSection(SolutionConfigurationPlatforms) = preSolution
		Debug|Any CPU = Debug|Any CPU
		Release|Any CPU = Release|Any CPU
	EndGlobalSection
	GlobalSection(ProjectConfigurationPlatforms) = postSolution
		{A87B19B1-75B6-433E-9C8C-E9425C75429A}.Debug|Any CPU.ActiveCfg = Debug|Any CPU
		{A87B19B1-75B6-433E-9C8C-E9425C75429A}.Debug|Any CPU.Build.0 = Debug|Any CPU
		{A87B19B1-75B6-433E-9C8C-E9425C75429A}.Debug|Any CPU.Deploy.0 = Debug|Any CPU
		{A87B19B1-75B6-433E-9C8C-E9425C75429A}.Release|Any CPU.ActiveCfg = Release|Any CPU
		{A87B19B1-75B6-433E-9C8C-E9425C75429A}.Release|Any CPU.Build.0 = Release|Any CPU
		{A87B19B1-75B6-433E-9C8C-E9425C75429A}.Release|Any CPU.Deploy.0 = Release|Any CPU
	EndGlobalSection
	GlobalSection(SolutionProperties) = preSolution
		HideSolutionNode = FALSE
	EndGlobalSection
EndGlobal
