
Microsoft Visual Studio Solution File, Format Version 12.00
# Visual Studio 2013
VisualStudioVersion = 12.0.40629.0
MinimumVisualStudioVersion = 10.0.40219.1
Project("{FAE04EC0-301F-11D3-BF4B-00C04F79EFBC}") = "Vcs.SSIS.AuditRow.2008", "Vcs.SSIS.AuditRow.2008\Vcs.SSIS.AuditRow.2008.csproj", "{48BC7217-1778-475D-ACE3-78486F57AAC2}"
EndProject
Project("{FAE04EC0-301F-11D3-BF4B-00C04F79EFBC}") = "Vcs.SSIS.ErrorDescription.2008", "Vcs.SSIS.ErrorDescription.2008\Vcs.SSIS.ErrorDescription.2008.csproj", "{0139F5C1-D35D-40F7-B3DC-B6AFC4DBE690}"
EndProject
Project("{FAE04EC0-301F-11D3-BF4B-00C04F79EFBC}") = "Vcs.SSIS.Hash.2008", "Vcs.SSIS.Hash.2008\Vcs.SSIS.Hash.2008.csproj", "{71356115-2127-4201-A337-81CDCC52CEFC}"
EndProject
Project("{FAE04EC0-301F-11D3-BF4B-00C04F79EFBC}") = "Vcs.SSIS.HashDual.2008", "Vcs.SSIS.HashDual.2008\Vcs.SSIS.HashDual.2008.csproj", "{CFAC45FF-1466-424C-A657-AF4CCBDD9BFE}"
EndProject
Project("{FAE04EC0-301F-11D3-BF4B-00C04F79EFBC}") = "Vcs.SSIS.RowCount.2008", "Vcs.SSIS.RowCount.2008\Vcs.SSIS.RowCount.2008.csproj", "{07A84140-B85B-4924-BA16-7AF45D44BAEB}"
EndProject
Project("{FAE04EC0-301F-11D3-BF4B-00C04F79EFBC}") = "Vcs.SSIS.AllComponents.2008", "Vcs.SSIS.AllComponents.2008\Vcs.SSIS.AllComponents.2008.csproj", "{2E9AC985-9EAE-4C83-BEE4-83EAE58DDD28}"
EndProject
Global
	GlobalSection(SolutionConfigurationPlatforms) = preSolution
		Debug|Any CPU = Debug|Any CPU
		Debug|Mixed Platforms = Debug|Mixed Platforms
		Debug|x86 = Debug|x86
		Release|Any CPU = Release|Any CPU
		Release|Mixed Platforms = Release|Mixed Platforms
		Release|x86 = Release|x86
	EndGlobalSection
	GlobalSection(ProjectConfigurationPlatforms) = postSolution
		{48BC7217-1778-475D-ACE3-78486F57AAC2}.Debug|Any CPU.ActiveCfg = Debug|Any CPU
		{48BC7217-1778-475D-ACE3-78486F57AAC2}.Debug|Any CPU.Build.0 = Debug|Any CPU
		{48BC7217-1778-475D-ACE3-78486F57AAC2}.Debug|Mixed Platforms.ActiveCfg = Debug|Any CPU
		{48BC7217-1778-475D-ACE3-78486F57AAC2}.Debug|Mixed Platforms.Build.0 = Debug|Any CPU
		{48BC7217-1778-475D-ACE3-78486F57AAC2}.Debug|x86.ActiveCfg = Debug|Any CPU
		{48BC7217-1778-475D-ACE3-78486F57AAC2}.Release|Any CPU.ActiveCfg = Release|Any CPU
		{48BC7217-1778-475D-ACE3-78486F57AAC2}.Release|Any CPU.Build.0 = Release|Any CPU
		{48BC7217-1778-475D-ACE3-78486F57AAC2}.Release|Mixed Platforms.ActiveCfg = Release|Any CPU
		{48BC7217-1778-475D-ACE3-78486F57AAC2}.Release|Mixed Platforms.Build.0 = Release|Any CPU
		{48BC7217-1778-475D-ACE3-78486F57AAC2}.Release|x86.ActiveCfg = Release|Any CPU
		{0139F5C1-D35D-40F7-B3DC-B6AFC4DBE690}.Debug|Any CPU.ActiveCfg = Debug|Any CPU
		{0139F5C1-D35D-40F7-B3DC-B6AFC4DBE690}.Debug|Any CPU.Build.0 = Debug|Any CPU
		{0139F5C1-D35D-40F7-B3DC-B6AFC4DBE690}.Debug|Mixed Platforms.ActiveCfg = Debug|Any CPU
		{0139F5C1-D35D-40F7-B3DC-B6AFC4DBE690}.Debug|Mixed Platforms.Build.0 = Debug|Any CPU
		{0139F5C1-D35D-40F7-B3DC-B6AFC4DBE690}.Debug|x86.ActiveCfg = Debug|Any CPU
		{0139F5C1-D35D-40F7-B3DC-B6AFC4DBE690}.Release|Any CPU.ActiveCfg = Release|Any CPU
		{0139F5C1-D35D-40F7-B3DC-B6AFC4DBE690}.Release|Any CPU.Build.0 = Release|Any CPU
		{0139F5C1-D35D-40F7-B3DC-B6AFC4DBE690}.Release|Mixed Platforms.ActiveCfg = Release|Any CPU
		{0139F5C1-D35D-40F7-B3DC-B6AFC4DBE690}.Release|Mixed Platforms.Build.0 = Release|Any CPU
		{0139F5C1-D35D-40F7-B3DC-B6AFC4DBE690}.Release|x86.ActiveCfg = Release|Any CPU
		{71356115-2127-4201-A337-81CDCC52CEFC}.Debug|Any CPU.ActiveCfg = Debug|Any CPU
		{71356115-2127-4201-A337-81CDCC52CEFC}.Debug|Any CPU.Build.0 = Debug|Any CPU
		{71356115-2127-4201-A337-81CDCC52CEFC}.Debug|Mixed Platforms.ActiveCfg = Debug|Any CPU
		{71356115-2127-4201-A337-81CDCC52CEFC}.Debug|Mixed Platforms.Build.0 = Debug|Any CPU
		{71356115-2127-4201-A337-81CDCC52CEFC}.Debug|x86.ActiveCfg = Debug|Any CPU
		{71356115-2127-4201-A337-81CDCC52CEFC}.Release|Any CPU.ActiveCfg = Release|Any CPU
		{71356115-2127-4201-A337-81CDCC52CEFC}.Release|Any CPU.Build.0 = Release|Any CPU
		{71356115-2127-4201-A337-81CDCC52CEFC}.Release|Mixed Platforms.ActiveCfg = Release|Any CPU
		{71356115-2127-4201-A337-81CDCC52CEFC}.Release|Mixed Platforms.Build.0 = Release|Any CPU
		{71356115-2127-4201-A337-81CDCC52CEFC}.Release|x86.ActiveCfg = Release|Any CPU
		{CFAC45FF-1466-424C-A657-AF4CCBDD9BFE}.Debug|Any CPU.ActiveCfg = Debug|Any CPU
		{CFAC45FF-1466-424C-A657-AF4CCBDD9BFE}.Debug|Any CPU.Build.0 = Debug|Any CPU
		{CFAC45FF-1466-424C-A657-AF4CCBDD9BFE}.Debug|Mixed Platforms.ActiveCfg = Debug|Any CPU
		{CFAC45FF-1466-424C-A657-AF4CCBDD9BFE}.Debug|Mixed Platforms.Build.0 = Debug|Any CPU
		{CFAC45FF-1466-424C-A657-AF4CCBDD9BFE}.Debug|x86.ActiveCfg = Debug|Any CPU
		{CFAC45FF-1466-424C-A657-AF4CCBDD9BFE}.Release|Any CPU.ActiveCfg = Release|Any CPU
		{CFAC45FF-1466-424C-A657-AF4CCBDD9BFE}.Release|Any CPU.Build.0 = Release|Any CPU
		{CFAC45FF-1466-424C-A657-AF4CCBDD9BFE}.Release|Mixed Platforms.ActiveCfg = Release|Any CPU
		{CFAC45FF-1466-424C-A657-AF4CCBDD9BFE}.Release|Mixed Platforms.Build.0 = Release|Any CPU
		{CFAC45FF-1466-424C-A657-AF4CCBDD9BFE}.Release|x86.ActiveCfg = Release|Any CPU
		{07A84140-B85B-4924-BA16-7AF45D44BAEB}.Debug|Any CPU.ActiveCfg = Debug|Any CPU
		{07A84140-B85B-4924-BA16-7AF45D44BAEB}.Debug|Any CPU.Build.0 = Debug|Any CPU
		{07A84140-B85B-4924-BA16-7AF45D44BAEB}.Debug|Mixed Platforms.ActiveCfg = Debug|Any CPU
		{07A84140-B85B-4924-BA16-7AF45D44BAEB}.Debug|Mixed Platforms.Build.0 = Debug|Any CPU
		{07A84140-B85B-4924-BA16-7AF45D44BAEB}.Debug|x86.ActiveCfg = Debug|Any CPU
		{07A84140-B85B-4924-BA16-7AF45D44BAEB}.Release|Any CPU.ActiveCfg = Release|Any CPU
		{07A84140-B85B-4924-BA16-7AF45D44BAEB}.Release|Any CPU.Build.0 = Release|Any CPU
		{07A84140-B85B-4924-BA16-7AF45D44BAEB}.Release|Mixed Platforms.ActiveCfg = Release|Any CPU
		{07A84140-B85B-4924-BA16-7AF45D44BAEB}.Release|Mixed Platforms.Build.0 = Release|Any CPU
		{07A84140-B85B-4924-BA16-7AF45D44BAEB}.Release|x86.ActiveCfg = Release|Any CPU
		{2E9AC985-9EAE-4C83-BEE4-83EAE58DDD28}.Debug|Any CPU.ActiveCfg = Debug|Any CPU
		{2E9AC985-9EAE-4C83-BEE4-83EAE58DDD28}.Debug|Any CPU.Build.0 = Debug|Any CPU
		{2E9AC985-9EAE-4C83-BEE4-83EAE58DDD28}.Debug|Mixed Platforms.ActiveCfg = Debug|Any CPU
		{2E9AC985-9EAE-4C83-BEE4-83EAE58DDD28}.Debug|Mixed Platforms.Build.0 = Debug|Any CPU
		{2E9AC985-9EAE-4C83-BEE4-83EAE58DDD28}.Debug|x86.ActiveCfg = Debug|Any CPU
		{2E9AC985-9EAE-4C83-BEE4-83EAE58DDD28}.Release|Any CPU.ActiveCfg = Release|Any CPU
		{2E9AC985-9EAE-4C83-BEE4-83EAE58DDD28}.Release|Any CPU.Build.0 = Release|Any CPU
		{2E9AC985-9EAE-4C83-BEE4-83EAE58DDD28}.Release|Mixed Platforms.ActiveCfg = Release|Any CPU
		{2E9AC985-9EAE-4C83-BEE4-83EAE58DDD28}.Release|Mixed Platforms.Build.0 = Release|Any CPU
		{2E9AC985-9EAE-4C83-BEE4-83EAE58DDD28}.Release|x86.ActiveCfg = Release|Any CPU
	EndGlobalSection
	GlobalSection(SolutionProperties) = preSolution
		HideSolutionNode = FALSE
	EndGlobalSection
EndGlobal
