
Microsoft Visual Studio Solution File, Format Version 12.00
# Visual Studio 2013
VisualStudioVersion = 12.0.40629.0
MinimumVisualStudioVersion = 10.0.40219.1
Project("{FAE04EC0-301F-11D3-BF4B-00C04F79EFBC}") = "Vcs.SSIS.AuditRow.2016", "Vcs.SSIS.AuditRow.2016\Vcs.SSIS.AuditRow.2016.csproj", "{403D058D-071A-4052-B29B-D75946D1F50F}"
EndProject
Project("{FAE04EC0-301F-11D3-BF4B-00C04F79EFBC}") = "Vcs.SSIS.ErrorDescription.2016", "Vcs.SSIS.ErrorDescription.2016\Vcs.SSIS.ErrorDescription.2016.csproj", "{7D3DD867-88C0-4E97-A0DB-4484E69326B6}"
EndProject
Project("{FAE04EC0-301F-11D3-BF4B-00C04F79EFBC}") = "Vcs.SSIS.Hash.2016", "Vcs.SSIS.Hash.2016\Vcs.SSIS.Hash.2016.csproj", "{94849063-CED6-47E9-A9C0-A4998CA849C3}"
EndProject
Project("{FAE04EC0-301F-11D3-BF4B-00C04F79EFBC}") = "Vcs.SSIS.HashDual.2016", "Vcs.SSIS.HashDual.2016\Vcs.SSIS.HashDual.2016.csproj", "{6663734A-10FC-4260-A21B-8E5A9739E856}"
EndProject
Project("{FAE04EC0-301F-11D3-BF4B-00C04F79EFBC}") = "Vcs.SSIS.RowCount.2016", "Vcs.SSIS.RowCount.2016\Vcs.SSIS.RowCount.2016.csproj", "{425867B2-415E-437D-86DF-A234D7DECC82}"
EndProject
Project("{FAE04EC0-301F-11D3-BF4B-00C04F79EFBC}") = "Vcs.SSIS.AllComponents.2016", "Vcs.SSIS.AllComponents.2016\Vcs.SSIS.AllComponents.2016.csproj", "{7815EDDC-1075-4EC1-A498-E310CB3C3F49}"
EndProject
Global
	GlobalSection(SolutionConfigurationPlatforms) = preSolution
		Debug|Any CPU = Debug|Any CPU
		Debug|Mixed Platforms = Debug|Mixed Platforms
		Debug|x86 = Debug|x86
		Release|Any CPU = Release|Any CPU
		Release|Mixed Platforms = Release|Mixed Platforms
		Release|x86 = Release|x86
	EndGlobalSection
	GlobalSection(ProjectConfigurationPlatforms) = postSolution
		{403D058D-071A-4052-B29B-D75946D1F50F}.Debug|Any CPU.ActiveCfg = Debug|Any CPU
		{403D058D-071A-4052-B29B-D75946D1F50F}.Debug|Any CPU.Build.0 = Debug|Any CPU
		{403D058D-071A-4052-B29B-D75946D1F50F}.Debug|Mixed Platforms.ActiveCfg = Debug|Any CPU
		{403D058D-071A-4052-B29B-D75946D1F50F}.Debug|Mixed Platforms.Build.0 = Debug|Any CPU
		{403D058D-071A-4052-B29B-D75946D1F50F}.Debug|x86.ActiveCfg = Debug|Any CPU
		{403D058D-071A-4052-B29B-D75946D1F50F}.Release|Any CPU.ActiveCfg = Release|Any CPU
		{403D058D-071A-4052-B29B-D75946D1F50F}.Release|Any CPU.Build.0 = Release|Any CPU
		{403D058D-071A-4052-B29B-D75946D1F50F}.Release|Mixed Platforms.ActiveCfg = Release|Any CPU
		{403D058D-071A-4052-B29B-D75946D1F50F}.Release|Mixed Platforms.Build.0 = Release|Any CPU
		{403D058D-071A-4052-B29B-D75946D1F50F}.Release|x86.ActiveCfg = Release|Any CPU
		{7D3DD867-88C0-4E97-A0DB-4484E69326B6}.Debug|Any CPU.ActiveCfg = Debug|Any CPU
		{7D3DD867-88C0-4E97-A0DB-4484E69326B6}.Debug|Any CPU.Build.0 = Debug|Any CPU
		{7D3DD867-88C0-4E97-A0DB-4484E69326B6}.Debug|Mixed Platforms.ActiveCfg = Debug|Any CPU
		{7D3DD867-88C0-4E97-A0DB-4484E69326B6}.Debug|Mixed Platforms.Build.0 = Debug|Any CPU
		{7D3DD867-88C0-4E97-A0DB-4484E69326B6}.Debug|x86.ActiveCfg = Debug|Any CPU
		{7D3DD867-88C0-4E97-A0DB-4484E69326B6}.Release|Any CPU.ActiveCfg = Release|Any CPU
		{7D3DD867-88C0-4E97-A0DB-4484E69326B6}.Release|Any CPU.Build.0 = Release|Any CPU
		{7D3DD867-88C0-4E97-A0DB-4484E69326B6}.Release|Mixed Platforms.ActiveCfg = Release|Any CPU
		{7D3DD867-88C0-4E97-A0DB-4484E69326B6}.Release|Mixed Platforms.Build.0 = Release|Any CPU
		{7D3DD867-88C0-4E97-A0DB-4484E69326B6}.Release|x86.ActiveCfg = Release|Any CPU
		{94849063-CED6-47E9-A9C0-A4998CA849C3}.Debug|Any CPU.ActiveCfg = Debug|Any CPU
		{94849063-CED6-47E9-A9C0-A4998CA849C3}.Debug|Any CPU.Build.0 = Debug|Any CPU
		{94849063-CED6-47E9-A9C0-A4998CA849C3}.Debug|Mixed Platforms.ActiveCfg = Debug|Any CPU
		{94849063-CED6-47E9-A9C0-A4998CA849C3}.Debug|Mixed Platforms.Build.0 = Debug|Any CPU
		{94849063-CED6-47E9-A9C0-A4998CA849C3}.Debug|x86.ActiveCfg = Debug|Any CPU
		{94849063-CED6-47E9-A9C0-A4998CA849C3}.Release|Any CPU.ActiveCfg = Release|Any CPU
		{94849063-CED6-47E9-A9C0-A4998CA849C3}.Release|Any CPU.Build.0 = Release|Any CPU
		{94849063-CED6-47E9-A9C0-A4998CA849C3}.Release|Mixed Platforms.ActiveCfg = Release|Any CPU
		{94849063-CED6-47E9-A9C0-A4998CA849C3}.Release|Mixed Platforms.Build.0 = Release|Any CPU
		{94849063-CED6-47E9-A9C0-A4998CA849C3}.Release|x86.ActiveCfg = Release|Any CPU
		{6663734A-10FC-4260-A21B-8E5A9739E856}.Debug|Any CPU.ActiveCfg = Debug|Any CPU
		{6663734A-10FC-4260-A21B-8E5A9739E856}.Debug|Any CPU.Build.0 = Debug|Any CPU
		{6663734A-10FC-4260-A21B-8E5A9739E856}.Debug|Mixed Platforms.ActiveCfg = Debug|Any CPU
		{6663734A-10FC-4260-A21B-8E5A9739E856}.Debug|Mixed Platforms.Build.0 = Debug|Any CPU
		{6663734A-10FC-4260-A21B-8E5A9739E856}.Debug|x86.ActiveCfg = Debug|Any CPU
		{6663734A-10FC-4260-A21B-8E5A9739E856}.Release|Any CPU.ActiveCfg = Release|Any CPU
		{6663734A-10FC-4260-A21B-8E5A9739E856}.Release|Any CPU.Build.0 = Release|Any CPU
		{6663734A-10FC-4260-A21B-8E5A9739E856}.Release|Mixed Platforms.ActiveCfg = Release|Any CPU
		{6663734A-10FC-4260-A21B-8E5A9739E856}.Release|Mixed Platforms.Build.0 = Release|Any CPU
		{6663734A-10FC-4260-A21B-8E5A9739E856}.Release|x86.ActiveCfg = Release|Any CPU
		{425867B2-415E-437D-86DF-A234D7DECC82}.Debug|Any CPU.ActiveCfg = Debug|Any CPU
		{425867B2-415E-437D-86DF-A234D7DECC82}.Debug|Any CPU.Build.0 = Debug|Any CPU
		{425867B2-415E-437D-86DF-A234D7DECC82}.Debug|Mixed Platforms.ActiveCfg = Debug|Any CPU
		{425867B2-415E-437D-86DF-A234D7DECC82}.Debug|Mixed Platforms.Build.0 = Debug|Any CPU
		{425867B2-415E-437D-86DF-A234D7DECC82}.Debug|x86.ActiveCfg = Debug|Any CPU
		{425867B2-415E-437D-86DF-A234D7DECC82}.Release|Any CPU.ActiveCfg = Release|Any CPU
		{425867B2-415E-437D-86DF-A234D7DECC82}.Release|Any CPU.Build.0 = Release|Any CPU
		{425867B2-415E-437D-86DF-A234D7DECC82}.Release|Mixed Platforms.ActiveCfg = Release|Any CPU
		{425867B2-415E-437D-86DF-A234D7DECC82}.Release|Mixed Platforms.Build.0 = Release|Any CPU
		{425867B2-415E-437D-86DF-A234D7DECC82}.Release|x86.ActiveCfg = Release|Any CPU
		{7815EDDC-1075-4EC1-A498-E310CB3C3F49}.Debug|Any CPU.ActiveCfg = Debug|Any CPU
		{7815EDDC-1075-4EC1-A498-E310CB3C3F49}.Debug|Any CPU.Build.0 = Debug|Any CPU
		{7815EDDC-1075-4EC1-A498-E310CB3C3F49}.Debug|Mixed Platforms.ActiveCfg = Debug|Any CPU
		{7815EDDC-1075-4EC1-A498-E310CB3C3F49}.Debug|Mixed Platforms.Build.0 = Debug|Any CPU
		{7815EDDC-1075-4EC1-A498-E310CB3C3F49}.Debug|x86.ActiveCfg = Debug|Any CPU
		{7815EDDC-1075-4EC1-A498-E310CB3C3F49}.Release|Any CPU.ActiveCfg = Release|Any CPU
		{7815EDDC-1075-4EC1-A498-E310CB3C3F49}.Release|Any CPU.Build.0 = Release|Any CPU
		{7815EDDC-1075-4EC1-A498-E310CB3C3F49}.Release|Mixed Platforms.ActiveCfg = Release|Any CPU
		{7815EDDC-1075-4EC1-A498-E310CB3C3F49}.Release|Mixed Platforms.Build.0 = Release|Any CPU
		{7815EDDC-1075-4EC1-A498-E310CB3C3F49}.Release|x86.ActiveCfg = Release|Any CPU
	EndGlobalSection
	GlobalSection(SolutionProperties) = preSolution
		HideSolutionNode = FALSE
	EndGlobalSection
EndGlobal
