
Microsoft Visual Studio Solution File, Format Version 12.00
# Visual Studio 15
VisualStudioVersion = 15.0.26730.16
MinimumVisualStudioVersion = 10.0.40219.1
Project("{FAE04EC0-301F-11D3-BF4B-00C04F79EFBC}") = "Varigence.Ssis.2012", "Varigence.Ssis.2012\Varigence.Ssis.2012.csproj", "{2C347375-4CF1-444E-9AD6-26A96116E569}"
EndProject
Project("{FAE04EC0-301F-11D3-BF4B-00C04F79EFBC}") = "Varigence.Ssis.2016", "Varigence.Ssis.2016\Varigence.Ssis.2016.csproj", "{7815EDDC-1075-4EC1-A498-E310CB3C3F49}"
EndProject
Project("{FAE04EC0-301F-11D3-BF4B-00C04F79EFBC}") = "Varigence.Ssis.2014", "Varigence.Ssis.2014\Varigence.Ssis.2014.csproj", "{548528D7-30DC-40B5-AFA1-FA4F6911BC28}"
EndProject
Project("{FAE04EC0-301F-11D3-BF4B-00C04F79EFBC}") = "Varigence.Ssis.2008", "Varigence.Ssis.2008\Varigence.Ssis.2008.csproj", "{2E9AC985-9EAE-4C83-BEE4-83EAE58DDD28}"
EndProject
Global
	GlobalSection(SolutionConfigurationPlatforms) = preSolution
		Debug|Any CPU = Debug|Any CPU
		Release|Any CPU = Release|Any CPU
	EndGlobalSection
	GlobalSection(ProjectConfigurationPlatforms) = postSolution
		{2C347375-4CF1-444E-9AD6-26A96116E569}.Debug|Any CPU.ActiveCfg = Debug|Any CPU
		{2C347375-4CF1-444E-9AD6-26A96116E569}.Debug|Any CPU.Build.0 = Debug|Any CPU
		{2C347375-4CF1-444E-9AD6-26A96116E569}.Release|Any CPU.ActiveCfg = Release|Any CPU
		{2C347375-4CF1-444E-9AD6-26A96116E569}.Release|Any CPU.Build.0 = Release|Any CPU
		{7815EDDC-1075-4EC1-A498-E310CB3C3F49}.Debug|Any CPU.ActiveCfg = Debug|Any CPU
		{7815EDDC-1075-4EC1-A498-E310CB3C3F49}.Debug|Any CPU.Build.0 = Debug|Any CPU
		{7815EDDC-1075-4EC1-A498-E310CB3C3F49}.Release|Any CPU.ActiveCfg = Release|Any CPU
		{7815EDDC-1075-4EC1-A498-E310CB3C3F49}.Release|Any CPU.Build.0 = Release|Any CPU
		{548528D7-30DC-40B5-AFA1-FA4F6911BC28}.Debug|Any CPU.ActiveCfg = Debug|Any CPU
		{548528D7-30DC-40B5-AFA1-FA4F6911BC28}.Debug|Any CPU.Build.0 = Debug|Any CPU
		{548528D7-30DC-40B5-AFA1-FA4F6911BC28}.Release|Any CPU.ActiveCfg = Release|Any CPU
		{548528D7-30DC-40B5-AFA1-FA4F6911BC28}.Release|Any CPU.Build.0 = Release|Any CPU
		{2E9AC985-9EAE-4C83-BEE4-83EAE58DDD28}.Debug|Any CPU.ActiveCfg = Debug|Any CPU
		{2E9AC985-9EAE-4C83-BEE4-83EAE58DDD28}.Debug|Any CPU.Build.0 = Debug|Any CPU
		{2E9AC985-9EAE-4C83-BEE4-83EAE58DDD28}.Release|Any CPU.ActiveCfg = Release|Any CPU
		{2E9AC985-9EAE-4C83-BEE4-83EAE58DDD28}.Release|Any CPU.Build.0 = Release|Any CPU
	EndGlobalSection
	GlobalSection(SolutionProperties) = preSolution
		HideSolutionNode = FALSE
	EndGlobalSection
	GlobalSection(ExtensibilityGlobals) = postSolution
		SolutionGuid = {1A364712-99D9-40D3-B538-FE1C2534FBEE}
	EndGlobalSection
EndGlobal
